
Microsoft Visual Studio Solution File, Format Version 12.00
# Visual Studio Version 17
VisualStudioVersion = 17.4.33027.239
MinimumVisualStudioVersion = 10.0.40219.1
Project("{2150E333-8FDC-42A3-9474-1A3956D46DE8}") = "ListTreeUtil", "ListTreeUtil", "{F410BA0C-5CB8-4571-ABDF-F53890875AB7}"
EndProject
Project("{9A19103F-16F7-4668-BE54-9A1E7A4F7556}") = "ListTreeUtil", "ListTreeUtil\ListTreeUtil\ListTreeUtil.csproj", "{40D566D4-EAF1-404D-A902-610966E58567}"
EndProject
Project("{9A19103F-16F7-4668-BE54-9A1E7A4F7556}") = "ListTreeUtilMain", "ListTreeUtil\ListTreeUtilMain\ListTreeUtilMain.csproj", "{A9A08561-C053-4248-859F-84C5342A7BBF}"
EndProject
Project("{2150E333-8FDC-42A3-9474-1A3956D46DE8}") = "PrinterUtil", "PrinterUtil", "{B1BC2171-7757-4578-92EC-27C704229E5E}"
EndProject
Project("{9A19103F-16F7-4668-BE54-9A1E7A4F7556}") = "PrinterUtil", "PrinterUtil\PrinterUtil\PrinterUtil.csproj", "{DB475EA3-089B-45DD-AB51-F51D6022CF89}"
EndProject
Project("{9A19103F-16F7-4668-BE54-9A1E7A4F7556}") = "PrinterUtilMain", "PrinterUtil\PrinterUtilMain\PrinterUtilMain.csproj", "{ABF71C06-D6A2-417B-8C5F-99E20FD03502}"
EndProject
Project("{9A19103F-16F7-4668-BE54-9A1E7A4F7556}") = "PrinterUtilTest", "PrinterUtil\PrinterUtilTest\PrinterUtilTest.csproj", "{EDFB4513-3C50-44E2-9A14-1EA95340C2F8}"
EndProject
Project("{2150E333-8FDC-42A3-9474-1A3956D46DE8}") = "CombinatorUtil", "CombinatorUtil", "{D57A7EA4-E73B-4206-B650-35ABFBEF95B1}"
EndProject
Project("{9A19103F-16F7-4668-BE54-9A1E7A4F7556}") = "CombinatorUtil", "CombinatorUtil\CombinatorUtil\CombinatorUtil.csproj", "{3053146D-707F-4DB8-A30D-40B0C09CB3FA}"
EndProject
Project("{9A19103F-16F7-4668-BE54-9A1E7A4F7556}") = "CombinatorUtilMain", "CombinatorUtil\CombinatorUtilMain\CombinatorUtilMain.csproj", "{D866EA79-FCD9-48E7-B8D5-B6BFFC331042}"
EndProject
Project("{2150E333-8FDC-42A3-9474-1A3956D46DE8}") = "Util", "Util", "{25F39D63-1895-4FBA-A340-D6536C844097}"
EndProject
Project("{9A19103F-16F7-4668-BE54-9A1E7A4F7556}") = "Util", "Util\Util.csproj", "{3D67C4B0-2F2F-4F48-9A8E-54A1ED6C6791}"
EndProject
Project("{2150E333-8FDC-42A3-9474-1A3956D46DE8}") = "Sample", "Sample", "{BD344647-2CEC-41D1-A95E-CD333D40D8A1}"
EndProject
Project("{9A19103F-16F7-4668-BE54-9A1E7A4F7556}") = "Kaleidoscope", "Sample\Kaleidoscope\Kaleidoscope.csproj", "{B2F2FDFE-3CF1-41E4-AEAB-138318F743D9}"
EndProject
Project("{9A19103F-16F7-4668-BE54-9A1E7A4F7556}") = "CombinatorUtilTest", "CombinatorUtil\CombinatorUtilTest\CombinatorUtilTest.csproj", "{8A83E94A-AF18-4F20-BD67-1CC03FD05FA1}"
EndProject
Project("{2150E333-8FDC-42A3-9474-1A3956D46DE8}") = "LLVMSharpUtil", "LLVMSharpUtil", "{2568CA2A-AD8E-4636-99D0-B4223049C2CF}"
EndProject
Project("{9A19103F-16F7-4668-BE54-9A1E7A4F7556}") = "LLVMSharpUtil_", "LLVMSharpUtil\LLVMSharpUtil\LLVMSharpUtil_.csproj", "{9ED71A58-971C-4C2B-9719-53FC40747825}"
EndProject
Project("{9A19103F-16F7-4668-BE54-9A1E7A4F7556}") = "LLVMSharpUtilMain", "LLVMSharpUtil\LLVMSharpUtilMain\LLVMSharpUtilMain.csproj", "{D43254C1-2DEA-4CB9-B74B-8DA19458487E}"
EndProject
Project("{9A19103F-16F7-4668-BE54-9A1E7A4F7556}") = "LLVMSharpUtilTest", "LLVMSharpUtil\LLVMSharpUtilTest\LLVMSharpUtilTest.csproj", "{BF57DEA5-AA61-4EC6-974B-0D1BF81F1E7D}"
EndProject
Global
	GlobalSection(SolutionConfigurationPlatforms) = preSolution
		Debug|Any CPU = Debug|Any CPU
		Release|Any CPU = Release|Any CPU
	EndGlobalSection
	GlobalSection(ProjectConfigurationPlatforms) = postSolution
		{40D566D4-EAF1-404D-A902-610966E58567}.Debug|Any CPU.ActiveCfg = Debug|Any CPU
		{40D566D4-EAF1-404D-A902-610966E58567}.Debug|Any CPU.Build.0 = Debug|Any CPU
		{40D566D4-EAF1-404D-A902-610966E58567}.Release|Any CPU.ActiveCfg = Release|Any CPU
		{40D566D4-EAF1-404D-A902-610966E58567}.Release|Any CPU.Build.0 = Release|Any CPU
		{A9A08561-C053-4248-859F-84C5342A7BBF}.Debug|Any CPU.ActiveCfg = Debug|Any CPU
		{A9A08561-C053-4248-859F-84C5342A7BBF}.Debug|Any CPU.Build.0 = Debug|Any CPU
		{A9A08561-C053-4248-859F-84C5342A7BBF}.Release|Any CPU.ActiveCfg = Release|Any CPU
		{A9A08561-C053-4248-859F-84C5342A7BBF}.Release|Any CPU.Build.0 = Release|Any CPU
		{DB475EA3-089B-45DD-AB51-F51D6022CF89}.Debug|Any CPU.ActiveCfg = Debug|Any CPU
		{DB475EA3-089B-45DD-AB51-F51D6022CF89}.Debug|Any CPU.Build.0 = Debug|Any CPU
		{DB475EA3-089B-45DD-AB51-F51D6022CF89}.Release|Any CPU.ActiveCfg = Release|Any CPU
		{DB475EA3-089B-45DD-AB51-F51D6022CF89}.Release|Any CPU.Build.0 = Release|Any CPU
		{ABF71C06-D6A2-417B-8C5F-99E20FD03502}.Debug|Any CPU.ActiveCfg = Debug|Any CPU
		{ABF71C06-D6A2-417B-8C5F-99E20FD03502}.Debug|Any CPU.Build.0 = Debug|Any CPU
		{ABF71C06-D6A2-417B-8C5F-99E20FD03502}.Release|Any CPU.ActiveCfg = Release|Any CPU
		{ABF71C06-D6A2-417B-8C5F-99E20FD03502}.Release|Any CPU.Build.0 = Release|Any CPU
		{EDFB4513-3C50-44E2-9A14-1EA95340C2F8}.Debug|Any CPU.ActiveCfg = Debug|Any CPU
		{EDFB4513-3C50-44E2-9A14-1EA95340C2F8}.Debug|Any CPU.Build.0 = Debug|Any CPU
		{EDFB4513-3C50-44E2-9A14-1EA95340C2F8}.Release|Any CPU.ActiveCfg = Release|Any CPU
		{EDFB4513-3C50-44E2-9A14-1EA95340C2F8}.Release|Any CPU.Build.0 = Release|Any CPU
		{3053146D-707F-4DB8-A30D-40B0C09CB3FA}.Debug|Any CPU.ActiveCfg = Debug|Any CPU
		{3053146D-707F-4DB8-A30D-40B0C09CB3FA}.Debug|Any CPU.Build.0 = Debug|Any CPU
		{3053146D-707F-4DB8-A30D-40B0C09CB3FA}.Release|Any CPU.ActiveCfg = Release|Any CPU
		{3053146D-707F-4DB8-A30D-40B0C09CB3FA}.Release|Any CPU.Build.0 = Release|Any CPU
		{D866EA79-FCD9-48E7-B8D5-B6BFFC331042}.Debug|Any CPU.ActiveCfg = Debug|Any CPU
		{D866EA79-FCD9-48E7-B8D5-B6BFFC331042}.Debug|Any CPU.Build.0 = Debug|Any CPU
		{D866EA79-FCD9-48E7-B8D5-B6BFFC331042}.Release|Any CPU.ActiveCfg = Release|Any CPU
		{D866EA79-FCD9-48E7-B8D5-B6BFFC331042}.Release|Any CPU.Build.0 = Release|Any CPU
		{3D67C4B0-2F2F-4F48-9A8E-54A1ED6C6791}.Debug|Any CPU.ActiveCfg = Debug|Any CPU
		{3D67C4B0-2F2F-4F48-9A8E-54A1ED6C6791}.Debug|Any CPU.Build.0 = Debug|Any CPU
		{3D67C4B0-2F2F-4F48-9A8E-54A1ED6C6791}.Release|Any CPU.ActiveCfg = Release|Any CPU
		{3D67C4B0-2F2F-4F48-9A8E-54A1ED6C6791}.Release|Any CPU.Build.0 = Release|Any CPU
		{B2F2FDFE-3CF1-41E4-AEAB-138318F743D9}.Debug|Any CPU.ActiveCfg = Debug|Any CPU
		{B2F2FDFE-3CF1-41E4-AEAB-138318F743D9}.Debug|Any CPU.Build.0 = Debug|Any CPU
		{B2F2FDFE-3CF1-41E4-AEAB-138318F743D9}.Release|Any CPU.ActiveCfg = Release|Any CPU
		{B2F2FDFE-3CF1-41E4-AEAB-138318F743D9}.Release|Any CPU.Build.0 = Release|Any CPU
		{8A83E94A-AF18-4F20-BD67-1CC03FD05FA1}.Debug|Any CPU.ActiveCfg = Debug|Any CPU
		{8A83E94A-AF18-4F20-BD67-1CC03FD05FA1}.Debug|Any CPU.Build.0 = Debug|Any CPU
		{8A83E94A-AF18-4F20-BD67-1CC03FD05FA1}.Release|Any CPU.ActiveCfg = Release|Any CPU
		{8A83E94A-AF18-4F20-BD67-1CC03FD05FA1}.Release|Any CPU.Build.0 = Release|Any CPU
		{9ED71A58-971C-4C2B-9719-53FC40747825}.Debug|Any CPU.ActiveCfg = Debug|Any CPU
		{9ED71A58-971C-4C2B-9719-53FC40747825}.Debug|Any CPU.Build.0 = Debug|Any CPU
		{9ED71A58-971C-4C2B-9719-53FC40747825}.Release|Any CPU.ActiveCfg = Release|Any CPU
		{9ED71A58-971C-4C2B-9719-53FC40747825}.Release|Any CPU.Build.0 = Release|Any CPU
		{D43254C1-2DEA-4CB9-B74B-8DA19458487E}.Debug|Any CPU.ActiveCfg = Debug|Any CPU
		{D43254C1-2DEA-4CB9-B74B-8DA19458487E}.Debug|Any CPU.Build.0 = Debug|Any CPU
		{D43254C1-2DEA-4CB9-B74B-8DA19458487E}.Release|Any CPU.ActiveCfg = Release|Any CPU
		{D43254C1-2DEA-4CB9-B74B-8DA19458487E}.Release|Any CPU.Build.0 = Release|Any CPU
		{BF57DEA5-AA61-4EC6-974B-0D1BF81F1E7D}.Debug|Any CPU.ActiveCfg = Debug|Any CPU
		{BF57DEA5-AA61-4EC6-974B-0D1BF81F1E7D}.Debug|Any CPU.Build.0 = Debug|Any CPU
		{BF57DEA5-AA61-4EC6-974B-0D1BF81F1E7D}.Release|Any CPU.ActiveCfg = Release|Any CPU
		{BF57DEA5-AA61-4EC6-974B-0D1BF81F1E7D}.Release|Any CPU.Build.0 = Release|Any CPU
	EndGlobalSection
	GlobalSection(SolutionProperties) = preSolution
		HideSolutionNode = FALSE
	EndGlobalSection
	GlobalSection(NestedProjects) = preSolution
		{40D566D4-EAF1-404D-A902-610966E58567} = {F410BA0C-5CB8-4571-ABDF-F53890875AB7}
		{A9A08561-C053-4248-859F-84C5342A7BBF} = {F410BA0C-5CB8-4571-ABDF-F53890875AB7}
		{DB475EA3-089B-45DD-AB51-F51D6022CF89} = {B1BC2171-7757-4578-92EC-27C704229E5E}
		{ABF71C06-D6A2-417B-8C5F-99E20FD03502} = {B1BC2171-7757-4578-92EC-27C704229E5E}
		{EDFB4513-3C50-44E2-9A14-1EA95340C2F8} = {B1BC2171-7757-4578-92EC-27C704229E5E}
		{3053146D-707F-4DB8-A30D-40B0C09CB3FA} = {D57A7EA4-E73B-4206-B650-35ABFBEF95B1}
		{D866EA79-FCD9-48E7-B8D5-B6BFFC331042} = {D57A7EA4-E73B-4206-B650-35ABFBEF95B1}
		{3D67C4B0-2F2F-4F48-9A8E-54A1ED6C6791} = {25F39D63-1895-4FBA-A340-D6536C844097}
		{B2F2FDFE-3CF1-41E4-AEAB-138318F743D9} = {BD344647-2CEC-41D1-A95E-CD333D40D8A1}
		{8A83E94A-AF18-4F20-BD67-1CC03FD05FA1} = {D57A7EA4-E73B-4206-B650-35ABFBEF95B1}
		{9ED71A58-971C-4C2B-9719-53FC40747825} = {2568CA2A-AD8E-4636-99D0-B4223049C2CF}
		{D43254C1-2DEA-4CB9-B74B-8DA19458487E} = {2568CA2A-AD8E-4636-99D0-B4223049C2CF}
		{BF57DEA5-AA61-4EC6-974B-0D1BF81F1E7D} = {2568CA2A-AD8E-4636-99D0-B4223049C2CF}
	EndGlobalSection
	GlobalSection(ExtensibilityGlobals) = postSolution
		SolutionGuid = {D0FCBF71-0A4A-456A-BA00-3C8A7F5FED29}
	EndGlobalSection
EndGlobal
